<?xml version="1.0" encoding="utf-8"?>
<Project ToolsVersion="4.0" xmlns="http://schemas.microsoft.com/developer/msbuild/2003">
  <ItemGroup>
    <ClCompile Include="binfb.cpp" />
    <ClCompile Include="scanner\scanner.cpp" />
    <ClCompile Include="minhook\src\buffer.c">
      <Filter>minhook\src</Filter>
    </ClCompile>
    <ClCompile Include="minhook\src\hook.c">
      <Filter>minhook\src</Filter>
    </ClCompile>
    <ClCompile Include="minhook\src\trampoline.c">
      <Filter>minhook\src</Filter>
    </ClCompile>
    <ClCompile Include="minhook\src\hde\hde32.c">
      <Filter>minhook\src\hde</Filter>
    </ClCompile>
    <ClCompile Include="minhook\src\hde\hde64.c">
      <Filter>minhook\src\hde</Filter>
    </ClCompile>
  </ItemGroup>
  <ItemGroup>
    <ClInclude Include="includes.h" />
    <ClInclude Include="binfb.h" />
    <ClInclude Include="utils.h" />
    <ClInclude Include="scanner\scanner.h" />
    <ClInclude Include="memory.hpp" />
    <ClInclude Include="hooks.h" />
    <ClInclude Include="minhook\MinHook.h">
      <Filter>minhook</Filter>
    </ClInclude>
    <ClInclude Include="minhook\src\buffer.h">
      <Filter>minhook\src</Filter>
    </ClInclude>
    <ClInclude Include="minhook\src\trampoline.h">
      <Filter>minhook\src</Filter>
    </ClInclude>
    <ClInclude Include="minhook\src\hde\hde32.h">
      <Filter>minhook\src\hde</Filter>
    </ClInclude>
    <ClInclude Include="minhook\src\hde\hde64.h">
      <Filter>minhook\src\hde</Filter>
    </ClInclude>
    <ClInclude Include="minhook\src\hde\pstdint.h">
      <Filter>minhook\src\hde</Filter>
    </ClInclude>
    <ClInclude Include="minhook\src\hde\table32.h">
      <Filter>minhook\src\hde</Filter>
    </ClInclude>
    <ClInclude Include="minhook\src\hde\table64.h">
      <Filter>minhook\src\hde</Filter>
    </ClInclude>
    <ClInclude Include="minhook\include\MinHook.h">
      <Filter>minhook\include</Filter>
    </ClInclude>
  </ItemGroup>
  <ItemGroup>
    <Filter Include="minhook">
      <UniqueIdentifier>{9fb61270-8fbc-441b-9940-6de1106101ef}</UniqueIdentifier>
    </Filter>
    <Filter Include="minhook\src">
      <UniqueIdentifier>{44932ac5-72e0-4bee-87d1-5fa6ea5696df}</UniqueIdentifier>
    </Filter>
    <Filter Include="minhook\src\hde">
      <UniqueIdentifier>{7b404ac8-475d-4b4e-a73f-c659aa621c6f}</UniqueIdentifier>
    </Filter>
    <Filter Include="minhook\include">
      <UniqueIdentifier>{69d139e2-fad7-4bad-8e46-ca45dfaa9472}</UniqueIdentifier>
    </Filter>
    <Filter Include="minhook\dll_resources">
      <UniqueIdentifier>{14c2f175-792b-4b34-8eae-60a35050386a}</UniqueIdentifier>
    </Filter>
  </ItemGroup>
  <ItemGroup>
    <Library Include="minhook\minhook.lib">
      <Filter>minhook</Filter>
    </Library>
    <Library Include="minhook\minhook3.lib">
      <Filter>minhook</Filter>
    </Library>
    <Library Include="minhook\minhookback2.lib">
      <Filter>minhook</Filter>
    </Library>
    <Library Include="minhook\minhookdd.lib">
      <Filter>minhook</Filter>
    </Library>
  </ItemGroup>
  <ItemGroup>
    <None Include="minhook\dll_resources\MinHook.def">
      <Filter>minhook\dll_resources</Filter>
    </None>
  </ItemGroup>
  <ItemGroup>
    <ResourceCompile Include="minhook\dll_resources\MinHook.rc">
      <Filter>minhook\dll_resources</Filter>
    </ResourceCompile>
  </ItemGroup>
</Project>